
Microsoft Visual Studio Solution File, Format Version 12.00
# Visual Studio Version 17
VisualStudioVersion = 17.4.33110.190
MinimumVisualStudioVersion = 10.0.40219.1
Project("{FAE04EC0-301F-11D3-BF4B-00C04F79EFBC}") = "Solid03_OpenClosed", "Solid03_OpenClosed.csproj", "{E28B93CD-D510-47C7-A6F9-37C759FBBF23}"
EndProject
Global
	GlobalSection(SolutionConfigurationPlatforms) = preSolution
		Debug|Any CPU = Debug|Any CPU
		Release|Any CPU = Release|Any CPU
	EndGlobalSection
	GlobalSection(ProjectConfigurationPlatforms) = postSolution
		{E28B93CD-D510-47C7-A6F9-37C759FBBF23}.Debug|Any CPU.ActiveCfg = Debug|Any CPU
		{E28B93CD-D510-47C7-A6F9-37C759FBBF23}.Debug|Any CPU.Build.0 = Debug|Any CPU
		{E28B93CD-D510-47C7-A6F9-37C759FBBF23}.Release|Any CPU.ActiveCfg = Release|Any CPU
		{E28B93CD-D510-47C7-A6F9-37C759FBBF23}.Release|Any CPU.Build.0 = Release|Any CPU
	EndGlobalSection
	GlobalSection(SolutionProperties) = preSolution
		HideSolutionNode = FALSE
	EndGlobalSection
	GlobalSection(ExtensibilityGlobals) = postSolution
		SolutionGuid = {5821CD4F-1E3C-4557-8BB1-9BBD1192682E}
	EndGlobalSection
EndGlobal
