
Microsoft Visual Studio Solution File, Format Version 12.00
# Visual Studio Version 17
VisualStudioVersion = 17.4.33122.133
MinimumVisualStudioVersion = 10.0.40219.1
Project("{9A19103F-16F7-4668-BE54-9A1E7A4F7556}") = "YemekTarifiApp.Web", "YemekTarifiApp.Web.csproj", "{B0294B00-9767-4E38-8E2D-D5FA8525BB17}"
EndProject
Project("{9A19103F-16F7-4668-BE54-9A1E7A4F7556}") = "YemekTarifiApp.Data", "..\YemekTarifiApp.Data\YemekTarifiApp.Data.csproj", "{435CDDDA-9934-49A7-988E-983322047E39}"
EndProject
Project("{9A19103F-16F7-4668-BE54-9A1E7A4F7556}") = "YemekTarifiApp.Business", "..\YemekTarifiApp.Business\YemekTarifiApp.Business.csproj", "{43E96A6B-2573-4560-B371-6FA9FED86AE3}"
EndProject
Project("{9A19103F-16F7-4668-BE54-9A1E7A4F7556}") = "YemekTarifiApp.Entity", "..\YemekTarifiApp.Entity\YemekTarifiApp.Entity.csproj", "{2933D695-2A4E-4287-83B9-A1E6CDE32355}"
EndProject
Project("{FAE04EC0-301F-11D3-BF4B-00C04F79EFBC}") = "YemekTarifiApp.Core", "..\YemekTarifiApp.Core\YemekTarifiApp.Core.csproj", "{5003AF62-26C4-4F5B-AB4F-83448105D80B}"
EndProject
Global
	GlobalSection(SolutionConfigurationPlatforms) = preSolution
		Debug|Any CPU = Debug|Any CPU
		Release|Any CPU = Release|Any CPU
	EndGlobalSection
	GlobalSection(ProjectConfigurationPlatforms) = postSolution
		{B0294B00-9767-4E38-8E2D-D5FA8525BB17}.Debug|Any CPU.ActiveCfg = Debug|Any CPU
		{B0294B00-9767-4E38-8E2D-D5FA8525BB17}.Debug|Any CPU.Build.0 = Debug|Any CPU
		{B0294B00-9767-4E38-8E2D-D5FA8525BB17}.Release|Any CPU.ActiveCfg = Release|Any CPU
		{B0294B00-9767-4E38-8E2D-D5FA8525BB17}.Release|Any CPU.Build.0 = Release|Any CPU
		{435CDDDA-9934-49A7-988E-983322047E39}.Debug|Any CPU.ActiveCfg = Debug|Any CPU
		{435CDDDA-9934-49A7-988E-983322047E39}.Debug|Any CPU.Build.0 = Debug|Any CPU
		{435CDDDA-9934-49A7-988E-983322047E39}.Release|Any CPU.ActiveCfg = Release|Any CPU
		{435CDDDA-9934-49A7-988E-983322047E39}.Release|Any CPU.Build.0 = Release|Any CPU
		{43E96A6B-2573-4560-B371-6FA9FED86AE3}.Debug|Any CPU.ActiveCfg = Debug|Any CPU
		{43E96A6B-2573-4560-B371-6FA9FED86AE3}.Debug|Any CPU.Build.0 = Debug|Any CPU
		{43E96A6B-2573-4560-B371-6FA9FED86AE3}.Release|Any CPU.ActiveCfg = Release|Any CPU
		{43E96A6B-2573-4560-B371-6FA9FED86AE3}.Release|Any CPU.Build.0 = Release|Any CPU
		{2933D695-2A4E-4287-83B9-A1E6CDE32355}.Debug|Any CPU.ActiveCfg = Debug|Any CPU
		{2933D695-2A4E-4287-83B9-A1E6CDE32355}.Debug|Any CPU.Build.0 = Debug|Any CPU
		{2933D695-2A4E-4287-83B9-A1E6CDE32355}.Release|Any CPU.ActiveCfg = Release|Any CPU
		{2933D695-2A4E-4287-83B9-A1E6CDE32355}.Release|Any CPU.Build.0 = Release|Any CPU
		{5003AF62-26C4-4F5B-AB4F-83448105D80B}.Debug|Any CPU.ActiveCfg = Debug|Any CPU
		{5003AF62-26C4-4F5B-AB4F-83448105D80B}.Debug|Any CPU.Build.0 = Debug|Any CPU
		{5003AF62-26C4-4F5B-AB4F-83448105D80B}.Release|Any CPU.ActiveCfg = Release|Any CPU
		{5003AF62-26C4-4F5B-AB4F-83448105D80B}.Release|Any CPU.Build.0 = Release|Any CPU
	EndGlobalSection
	GlobalSection(SolutionProperties) = preSolution
		HideSolutionNode = FALSE
	EndGlobalSection
	GlobalSection(ExtensibilityGlobals) = postSolution
		SolutionGuid = {233DDBEC-462C-494E-9138-1DDC7515E98C}
	EndGlobalSection
EndGlobal
