
Microsoft Visual Studio Solution File, Format Version 12.00
# Visual Studio Version 17
VisualStudioVersion = 17.4.33110.190
MinimumVisualStudioVersion = 10.0.40219.1
Project("{FAE04EC0-301F-11D3-BF4B-00C04F79EFBC}") = "Solid06_DependencyInversion", "Solid06_DependencyInversion.csproj", "{BBD1EBEF-E5A3-4447-AE89-57AFCC3C1651}"
EndProject
Global
	GlobalSection(SolutionConfigurationPlatforms) = preSolution
		Debug|Any CPU = Debug|Any CPU
		Release|Any CPU = Release|Any CPU
	EndGlobalSection
	GlobalSection(ProjectConfigurationPlatforms) = postSolution
		{BBD1EBEF-E5A3-4447-AE89-57AFCC3C1651}.Debug|Any CPU.ActiveCfg = Debug|Any CPU
		{BBD1EBEF-E5A3-4447-AE89-57AFCC3C1651}.Debug|Any CPU.Build.0 = Debug|Any CPU
		{BBD1EBEF-E5A3-4447-AE89-57AFCC3C1651}.Release|Any CPU.ActiveCfg = Release|Any CPU
		{BBD1EBEF-E5A3-4447-AE89-57AFCC3C1651}.Release|Any CPU.Build.0 = Release|Any CPU
	EndGlobalSection
	GlobalSection(SolutionProperties) = preSolution
		HideSolutionNode = FALSE
	EndGlobalSection
	GlobalSection(ExtensibilityGlobals) = postSolution
		SolutionGuid = {EEE290D2-9C2E-4140-8357-595BA4650E0E}
	EndGlobalSection
EndGlobal
