
Microsoft Visual Studio Solution File, Format Version 12.00
# Visual Studio Version 17
VisualStudioVersion = 17.4.33110.190
MinimumVisualStudioVersion = 10.0.40219.1
Project("{FAE04EC0-301F-11D3-BF4B-00C04F79EFBC}") = "Solid04_LiskovsSubstitution", "Solid04_LiskovsSubstitution.csproj", "{5464EDF8-F810-46FA-B8E6-574A47182BDA}"
EndProject
Global
	GlobalSection(SolutionConfigurationPlatforms) = preSolution
		Debug|Any CPU = Debug|Any CPU
		Release|Any CPU = Release|Any CPU
	EndGlobalSection
	GlobalSection(ProjectConfigurationPlatforms) = postSolution
		{5464EDF8-F810-46FA-B8E6-574A47182BDA}.Debug|Any CPU.ActiveCfg = Debug|Any CPU
		{5464EDF8-F810-46FA-B8E6-574A47182BDA}.Debug|Any CPU.Build.0 = Debug|Any CPU
		{5464EDF8-F810-46FA-B8E6-574A47182BDA}.Release|Any CPU.ActiveCfg = Release|Any CPU
		{5464EDF8-F810-46FA-B8E6-574A47182BDA}.Release|Any CPU.Build.0 = Release|Any CPU
	EndGlobalSection
	GlobalSection(SolutionProperties) = preSolution
		HideSolutionNode = FALSE
	EndGlobalSection
	GlobalSection(ExtensibilityGlobals) = postSolution
		SolutionGuid = {A7743261-445C-4704-A0A8-0A817DCC1577}
	EndGlobalSection
EndGlobal
